
Microsoft Visual Studio Solution File, Format Version 12.00
# Visual Studio Version 17
VisualStudioVersion = 17.14.36518.9 d17.14
MinimumVisualStudioVersion = 10.0.40219.1
Project("{FAE04EC0-301F-11D3-BF4B-00C04F79EFBC}") = "operadoresAritmeticos", "operadoresAritmeticos\operadoresAritmeticos.csproj", "{D700A8CD-6563-4B20-98B9-7BD44893FB10}"
EndProject
Global
	GlobalSection(SolutionConfigurationPlatforms) = preSolution
		Debug|Any CPU = Debug|Any CPU
		Release|Any CPU = Release|Any CPU
	EndGlobalSection
	GlobalSection(ProjectConfigurationPlatforms) = postSolution
		{D700A8CD-6563-4B20-98B9-7BD44893FB10}.Debug|Any CPU.ActiveCfg = Debug|Any CPU
		{D700A8CD-6563-4B20-98B9-7BD44893FB10}.Debug|Any CPU.Build.0 = Debug|Any CPU
		{D700A8CD-6563-4B20-98B9-7BD44893FB10}.Release|Any CPU.ActiveCfg = Release|Any CPU
		{D700A8CD-6563-4B20-98B9-7BD44893FB10}.Release|Any CPU.Build.0 = Release|Any CPU
	EndGlobalSection
	GlobalSection(SolutionProperties) = preSolution
		HideSolutionNode = FALSE
	EndGlobalSection
	GlobalSection(ExtensibilityGlobals) = postSolution
		SolutionGuid = {401CC143-0D35-40DB-A780-9D1AB94F8476}
	EndGlobalSection
EndGlobal
