
Microsoft Visual Studio Solution File, Format Version 12.00
# Visual Studio Version 17
VisualStudioVersion = 17.14.36518.9 d17.14
MinimumVisualStudioVersion = 10.0.40219.1
Project("{FAE04EC0-301F-11D3-BF4B-00C04F79EFBC}") = "controlFlujos", "controlFlujos\controlFlujos.csproj", "{A46DDF28-0AB0-4014-9EED-37ECBE216DD4}"
EndProject
Global
	GlobalSection(SolutionConfigurationPlatforms) = preSolution
		Debug|Any CPU = Debug|Any CPU
		Release|Any CPU = Release|Any CPU
	EndGlobalSection
	GlobalSection(ProjectConfigurationPlatforms) = postSolution
		{A46DDF28-0AB0-4014-9EED-37ECBE216DD4}.Debug|Any CPU.ActiveCfg = Debug|Any CPU
		{A46DDF28-0AB0-4014-9EED-37ECBE216DD4}.Debug|Any CPU.Build.0 = Debug|Any CPU
		{A46DDF28-0AB0-4014-9EED-37ECBE216DD4}.Release|Any CPU.ActiveCfg = Release|Any CPU
		{A46DDF28-0AB0-4014-9EED-37ECBE216DD4}.Release|Any CPU.Build.0 = Release|Any CPU
	EndGlobalSection
	GlobalSection(SolutionProperties) = preSolution
		HideSolutionNode = FALSE
	EndGlobalSection
	GlobalSection(ExtensibilityGlobals) = postSolution
		SolutionGuid = {4C63A4A9-3298-4A29-ADDE-649845D642BB}
	EndGlobalSection
EndGlobal
